
Microsoft Visual Studio Solution File, Format Version 12.00
# Visual Studio Version 16
VisualStudioVersion = 16.0.30621.155
MinimumVisualStudioVersion = 10.0.40219.1
Project("{FAE04EC0-301F-11D3-BF4B-00C04F79EFBC}") = "OrderService", "Microservice_Project\OrderService.csproj", "{BD053C2A-567E-4EB4-BA10-B0A90547870D}"
EndProject
Project("{FAE04EC0-301F-11D3-BF4B-00C04F79EFBC}") = "ProductService", "ProductService\ProductService.csproj", "{353524A4-382C-48D3-B0C5-824346972E45}"
EndProject
Project("{FAE04EC0-301F-11D3-BF4B-00C04F79EFBC}") = "CostumerService", "CostumerService\CostumerService.csproj", "{FC17836A-5D01-4BD1-A2E8-581525D8ECE0}"
EndProject
Project("{FAE04EC0-301F-11D3-BF4B-00C04F79EFBC}") = "CartService", "CartService\CartService.csproj", "{3C7AB054-EEEE-4F72-A7B4-5BF326EC6BAD}"
EndProject
Project("{FAE04EC0-301F-11D3-BF4B-00C04F79EFBC}") = "NotificationService", "NotificationService\NotificationService.csproj", "{0FD6C3BB-8D5E-4C23-B720-6E879DBCC634}"
EndProject
Project("{FAE04EC0-301F-11D3-BF4B-00C04F79EFBC}") = "PaymentService", "PaymentService\PaymentService.csproj", "{16CFDE75-3C14-4CD4-8FA4-32457D65A6DB}"
EndProject
Global
	GlobalSection(SolutionConfigurationPlatforms) = preSolution
		Debug|Any CPU = Debug|Any CPU
		Release|Any CPU = Release|Any CPU
	EndGlobalSection
	GlobalSection(ProjectConfigurationPlatforms) = postSolution
		{BD053C2A-567E-4EB4-BA10-B0A90547870D}.Debug|Any CPU.ActiveCfg = Debug|Any CPU
		{BD053C2A-567E-4EB4-BA10-B0A90547870D}.Debug|Any CPU.Build.0 = Debug|Any CPU
		{BD053C2A-567E-4EB4-BA10-B0A90547870D}.Release|Any CPU.ActiveCfg = Release|Any CPU
		{BD053C2A-567E-4EB4-BA10-B0A90547870D}.Release|Any CPU.Build.0 = Release|Any CPU
		{353524A4-382C-48D3-B0C5-824346972E45}.Debug|Any CPU.ActiveCfg = Debug|Any CPU
		{353524A4-382C-48D3-B0C5-824346972E45}.Debug|Any CPU.Build.0 = Debug|Any CPU
		{353524A4-382C-48D3-B0C5-824346972E45}.Release|Any CPU.ActiveCfg = Release|Any CPU
		{353524A4-382C-48D3-B0C5-824346972E45}.Release|Any CPU.Build.0 = Release|Any CPU
		{FC17836A-5D01-4BD1-A2E8-581525D8ECE0}.Debug|Any CPU.ActiveCfg = Debug|Any CPU
		{FC17836A-5D01-4BD1-A2E8-581525D8ECE0}.Debug|Any CPU.Build.0 = Debug|Any CPU
		{FC17836A-5D01-4BD1-A2E8-581525D8ECE0}.Release|Any CPU.ActiveCfg = Release|Any CPU
		{FC17836A-5D01-4BD1-A2E8-581525D8ECE0}.Release|Any CPU.Build.0 = Release|Any CPU
		{3C7AB054-EEEE-4F72-A7B4-5BF326EC6BAD}.Debug|Any CPU.ActiveCfg = Debug|Any CPU
		{3C7AB054-EEEE-4F72-A7B4-5BF326EC6BAD}.Debug|Any CPU.Build.0 = Debug|Any CPU
		{3C7AB054-EEEE-4F72-A7B4-5BF326EC6BAD}.Release|Any CPU.ActiveCfg = Release|Any CPU
		{3C7AB054-EEEE-4F72-A7B4-5BF326EC6BAD}.Release|Any CPU.Build.0 = Release|Any CPU
		{0FD6C3BB-8D5E-4C23-B720-6E879DBCC634}.Debug|Any CPU.ActiveCfg = Debug|Any CPU
		{0FD6C3BB-8D5E-4C23-B720-6E879DBCC634}.Debug|Any CPU.Build.0 = Debug|Any CPU
		{0FD6C3BB-8D5E-4C23-B720-6E879DBCC634}.Release|Any CPU.ActiveCfg = Release|Any CPU
		{0FD6C3BB-8D5E-4C23-B720-6E879DBCC634}.Release|Any CPU.Build.0 = Release|Any CPU
		{16CFDE75-3C14-4CD4-8FA4-32457D65A6DB}.Debug|Any CPU.ActiveCfg = Debug|Any CPU
		{16CFDE75-3C14-4CD4-8FA4-32457D65A6DB}.Debug|Any CPU.Build.0 = Debug|Any CPU
		{16CFDE75-3C14-4CD4-8FA4-32457D65A6DB}.Release|Any CPU.ActiveCfg = Release|Any CPU
		{16CFDE75-3C14-4CD4-8FA4-32457D65A6DB}.Release|Any CPU.Build.0 = Release|Any CPU
	EndGlobalSection
	GlobalSection(SolutionProperties) = preSolution
		HideSolutionNode = FALSE
	EndGlobalSection
	GlobalSection(ExtensibilityGlobals) = postSolution
		SolutionGuid = {835003D9-5B40-4C5C-B3AC-E782F253A6B1}
	EndGlobalSection
EndGlobal
